
Microsoft Visual Studio Solution File, Format Version 12.00
# Visual Studio Version 16
VisualStudioVersion = 16.0.31205.134
MinimumVisualStudioVersion = 10.0.40219.1
Project("{FAE04EC0-301F-11D3-BF4B-00C04F79EFBC}") = "sn", "sn\sn.csproj", "{BA7CD4CE-FB4B-4FB2-9CBF-E169D45308ED}"
EndProject
Global
	GlobalSection(SolutionConfigurationPlatforms) = preSolution
		Debug|Any CPU = Debug|Any CPU
		Release|Any CPU = Release|Any CPU
	EndGlobalSection
	GlobalSection(ProjectConfigurationPlatforms) = postSolution
		{BA7CD4CE-FB4B-4FB2-9CBF-E169D45308ED}.Debug|Any CPU.ActiveCfg = Debug|Any CPU
		{BA7CD4CE-FB4B-4FB2-9CBF-E169D45308ED}.Debug|Any CPU.Build.0 = Debug|Any CPU
		{BA7CD4CE-FB4B-4FB2-9CBF-E169D45308ED}.Release|Any CPU.ActiveCfg = Release|Any CPU
		{BA7CD4CE-FB4B-4FB2-9CBF-E169D45308ED}.Release|Any CPU.Build.0 = Release|Any CPU
	EndGlobalSection
	GlobalSection(SolutionProperties) = preSolution
		HideSolutionNode = FALSE
	EndGlobalSection
	GlobalSection(ExtensibilityGlobals) = postSolution
		SolutionGuid = {529BEE03-E8AF-4956-AA7B-03253B5ECB93}
	EndGlobalSection
EndGlobal
